// !$*UTF8*$!
{
	archiveVersion = 1;
	classes = {
	};
	objectVersion = 55;
	objects = {

/* Begin PBXBuildFile section */
		791C3B9028E0E84700A7E6CE /* deckCreationView.swift in Sources */ = {isa = PBXBuildFile; fileRef = 791C3B8F28E0E84700A7E6CE /* deckCreationView.swift */; };
		791C3B9228E0F0BF00A7E6CE /* blitzHomeView.swift in Sources */ = {isa = PBXBuildFile; fileRef = 791C3B9128E0F0BF00A7E6CE /* blitzHomeView.swift */; };
		792CA0EC28F8A42F00F3FD75 /* deckFullView.swift in Sources */ = {isa = PBXBuildFile; fileRef = 792CA0EB28F8A42F00F3FD75 /* deckFullView.swift */; };
		79582FA828ECC56300CF974E /* user.swift in Sources */ = {isa = PBXBuildFile; fileRef = 79582FA728ECC56300CF974E /* user.swift */; };
		79A23C9728DA511500A1DA9E /* blitzApp.swift in Sources */ = {isa = PBXBuildFile; fileRef = 79A23C9628DA511500A1DA9E /* blitzApp.swift */; };
		79A23C9B28DA511500A1DA9E /* Assets.xcassets in Resources */ = {isa = PBXBuildFile; fileRef = 79A23C9A28DA511500A1DA9E /* Assets.xcassets */; };
		79A23C9E28DA511500A1DA9E /* Preview Assets.xcassets in Resources */ = {isa = PBXBuildFile; fileRef = 79A23C9D28DA511500A1DA9E /* Preview Assets.xcassets */; };
		79A23CA928DA511500A1DA9E /* blitzTests.swift in Sources */ = {isa = PBXBuildFile; fileRef = 79A23CA828DA511500A1DA9E /* blitzTests.swift */; };
		79A23CB328DA511500A1DA9E /* blitzUITests.swift in Sources */ = {isa = PBXBuildFile; fileRef = 79A23CB228DA511500A1DA9E /* blitzUITests.swift */; };
		79A23CB528DA511500A1DA9E /* blitzUITestsLaunchTests.swift in Sources */ = {isa = PBXBuildFile; fileRef = 79A23CB428DA511500A1DA9E /* blitzUITestsLaunchTests.swift */; };
		79B6653128DA776D00DFF00F /* deck.swift in Sources */ = {isa = PBXBuildFile; fileRef = 79B6653028DA776D00DFF00F /* deck.swift */; };
		79B6653328DA77EB00DFF00F /* card.swift in Sources */ = {isa = PBXBuildFile; fileRef = 79B6653228DA77EB00DFF00F /* card.swift */; };
		79B6653628DA793A00DFF00F /* cardView.swift in Sources */ = {isa = PBXBuildFile; fileRef = 79B6653528DA793A00DFF00F /* cardView.swift */; };
		79B6653828DA794400DFF00F /* deckTestView.swift in Sources */ = {isa = PBXBuildFile; fileRef = 79B6653728DA794400DFF00F /* deckTestView.swift */; };
		79B6654128DA923400DFF00F /* _webView.swift in Sources */ = {isa = PBXBuildFile; fileRef = 79B6654028DA923400DFF00F /* _webView.swift */; };
/* End PBXBuildFile section */

/* Begin PBXContainerItemProxy section */
		79A23CA528DA511500A1DA9E /* PBXContainerItemProxy */ = {
			isa = PBXContainerItemProxy;
			containerPortal = 79A23C8B28DA511500A1DA9E /* Project object */;
			proxyType = 1;
			remoteGlobalIDString = 79A23C9228DA511500A1DA9E;
			remoteInfo = beta_macOS;
		};
		79A23CAF28DA511500A1DA9E /* PBXContainerItemProxy */ = {
			isa = PBXContainerItemProxy;
			containerPortal = 79A23C8B28DA511500A1DA9E /* Project object */;
			proxyType = 1;
			remoteGlobalIDString = 79A23C9228DA511500A1DA9E;
			remoteInfo = beta_macOS;
		};
/* End PBXContainerItemProxy section */

/* Begin PBXFileReference section */
		791C3B8F28E0E84700A7E6CE /* deckCreationView.swift */ = {isa = PBXFileReference; lastKnownFileType = sourcecode.swift; path = deckCreationView.swift; sourceTree = "<group>"; };
		791C3B9128E0F0BF00A7E6CE /* blitzHomeView.swift */ = {isa = PBXFileReference; lastKnownFileType = sourcecode.swift; path = blitzHomeView.swift; sourceTree = "<group>"; };
		792CA0EB28F8A42F00F3FD75 /* deckFullView.swift */ = {isa = PBXFileReference; lastKnownFileType = sourcecode.swift; path = deckFullView.swift; sourceTree = "<group>"; };
		79582FA728ECC56300CF974E /* user.swift */ = {isa = PBXFileReference; lastKnownFileType = sourcecode.swift; path = user.swift; sourceTree = "<group>"; };
		79A23C9328DA511500A1DA9E /* blitz.app */ = {isa = PBXFileReference; explicitFileType = wrapper.application; includeInIndex = 0; path = blitz.app; sourceTree = BUILT_PRODUCTS_DIR; };
		79A23C9628DA511500A1DA9E /* blitzApp.swift */ = {isa = PBXFileReference; lastKnownFileType = sourcecode.swift; path = blitzApp.swift; sourceTree = "<group>"; };
		79A23C9A28DA511500A1DA9E /* Assets.xcassets */ = {isa = PBXFileReference; lastKnownFileType = folder.assetcatalog; path = Assets.xcassets; sourceTree = "<group>"; };
		79A23C9D28DA511500A1DA9E /* Preview Assets.xcassets */ = {isa = PBXFileReference; lastKnownFileType = folder.assetcatalog; path = "Preview Assets.xcassets"; sourceTree = "<group>"; };
		79A23C9F28DA511500A1DA9E /* blitz.entitlements */ = {isa = PBXFileReference; lastKnownFileType = text.plist.entitlements; path = blitz.entitlements; sourceTree = "<group>"; };
		79A23CA428DA511500A1DA9E /* blitzTests.xctest */ = {isa = PBXFileReference; explicitFileType = wrapper.cfbundle; includeInIndex = 0; path = blitzTests.xctest; sourceTree = BUILT_PRODUCTS_DIR; };
		79A23CA828DA511500A1DA9E /* blitzTests.swift */ = {isa = PBXFileReference; lastKnownFileType = sourcecode.swift; path = blitzTests.swift; sourceTree = "<group>"; };
		79A23CAE28DA511500A1DA9E /* blitzUITests.xctest */ = {isa = PBXFileReference; explicitFileType = wrapper.cfbundle; includeInIndex = 0; path = blitzUITests.xctest; sourceTree = BUILT_PRODUCTS_DIR; };
		79A23CB228DA511500A1DA9E /* blitzUITests.swift */ = {isa = PBXFileReference; lastKnownFileType = sourcecode.swift; path = blitzUITests.swift; sourceTree = "<group>"; };
		79A23CB428DA511500A1DA9E /* blitzUITestsLaunchTests.swift */ = {isa = PBXFileReference; lastKnownFileType = sourcecode.swift; path = blitzUITestsLaunchTests.swift; sourceTree = "<group>"; };
		79B6653028DA776D00DFF00F /* deck.swift */ = {isa = PBXFileReference; lastKnownFileType = sourcecode.swift; path = deck.swift; sourceTree = "<group>"; };
		79B6653228DA77EB00DFF00F /* card.swift */ = {isa = PBXFileReference; lastKnownFileType = sourcecode.swift; path = card.swift; sourceTree = "<group>"; };
		79B6653528DA793A00DFF00F /* cardView.swift */ = {isa = PBXFileReference; lastKnownFileType = sourcecode.swift; path = cardView.swift; sourceTree = "<group>"; };
		79B6653728DA794400DFF00F /* deckTestView.swift */ = {isa = PBXFileReference; lastKnownFileType = sourcecode.swift; path = deckTestView.swift; sourceTree = "<group>"; };
		79B6654028DA923400DFF00F /* _webView.swift */ = {isa = PBXFileReference; lastKnownFileType = sourcecode.swift; path = _webView.swift; sourceTree = "<group>"; };
/* End PBXFileReference section */

/* Begin PBXFrameworksBuildPhase section */
		79A23C9028DA511500A1DA9E /* Frameworks */ = {
			isa = PBXFrameworksBuildPhase;
			buildActionMask = 2147483647;
			files = (
			);
			runOnlyForDeploymentPostprocessing = 0;
		};
		79A23CA128DA511500A1DA9E /* Frameworks */ = {
			isa = PBXFrameworksBuildPhase;
			buildActionMask = 2147483647;
			files = (
			);
			runOnlyForDeploymentPostprocessing = 0;
		};
		79A23CAB28DA511500A1DA9E /* Frameworks */ = {
			isa = PBXFrameworksBuildPhase;
			buildActionMask = 2147483647;
			files = (
			);
			runOnlyForDeploymentPostprocessing = 0;
		};
/* End PBXFrameworksBuildPhase section */

/* Begin PBXGroup section */
		79A23C8A28DA511500A1DA9E = {
			isa = PBXGroup;
			children = (
				79A23C9528DA511500A1DA9E /* blitz */,
				79A23CA728DA511500A1DA9E /* blitzTests */,
				79A23CB128DA511500A1DA9E /* blitzUITests */,
				79A23C9428DA511500A1DA9E /* Products */,
			);
			sourceTree = "<group>";
		};
		79A23C9428DA511500A1DA9E /* Products */ = {
			isa = PBXGroup;
			children = (
				79A23C9328DA511500A1DA9E /* blitz.app */,
				79A23CA428DA511500A1DA9E /* blitzTests.xctest */,
				79A23CAE28DA511500A1DA9E /* blitzUITests.xctest */,
			);
			name = Products;
			sourceTree = "<group>";
		};
		79A23C9528DA511500A1DA9E /* blitz */ = {
			isa = PBXGroup;
			children = (
				79B6652F28DA774600DFF00F /* models */,
				79B6653428DA791200DFF00F /* views */,
				79A23C9628DA511500A1DA9E /* blitzApp.swift */,
				79A23C9A28DA511500A1DA9E /* Assets.xcassets */,
				79A23C9F28DA511500A1DA9E /* blitz.entitlements */,
				79A23C9C28DA511500A1DA9E /* Preview Content */,
			);
			path = blitz;
			sourceTree = "<group>";
		};
		79A23C9C28DA511500A1DA9E /* Preview Content */ = {
			isa = PBXGroup;
			children = (
				79A23C9D28DA511500A1DA9E /* Preview Assets.xcassets */,
			);
			path = "Preview Content";
			sourceTree = "<group>";
		};
		79A23CA728DA511500A1DA9E /* blitzTests */ = {
			isa = PBXGroup;
			children = (
				79A23CA828DA511500A1DA9E /* blitzTests.swift */,
			);
			path = blitzTests;
			sourceTree = "<group>";
		};
		79A23CB128DA511500A1DA9E /* blitzUITests */ = {
			isa = PBXGroup;
			children = (
				79A23CB228DA511500A1DA9E /* blitzUITests.swift */,
				79A23CB428DA511500A1DA9E /* blitzUITestsLaunchTests.swift */,
			);
			path = blitzUITests;
			sourceTree = "<group>";
		};
		79B6652F28DA774600DFF00F /* models */ = {
			isa = PBXGroup;
			children = (
				79B6653228DA77EB00DFF00F /* card.swift */,
				79B6653028DA776D00DFF00F /* deck.swift */,
				79582FA728ECC56300CF974E /* user.swift */,
			);
			path = models;
			sourceTree = "<group>";
		};
		79B6653428DA791200DFF00F /* views */ = {
			isa = PBXGroup;
			children = (
				791C3B9128E0F0BF00A7E6CE /* blitzHomeView.swift */,
				79B6653728DA794400DFF00F /* deckTestView.swift */,
				792CA0EB28F8A42F00F3FD75 /* deckFullView.swift */,
				791C3B8F28E0E84700A7E6CE /* deckCreationView.swift */,
				79B6653528DA793A00DFF00F /* cardView.swift */,
				79B6654028DA923400DFF00F /* _webView.swift */,
			);
			path = views;
			sourceTree = "<group>";
		};
/* End PBXGroup section */

/* Begin PBXNativeTarget section */
		79A23C9228DA511500A1DA9E /* blitz */ = {
			isa = PBXNativeTarget;
			buildConfigurationList = 79A23CB828DA511500A1DA9E /* Build configuration list for PBXNativeTarget "blitz" */;
			buildPhases = (
				79A23C8F28DA511500A1DA9E /* Sources */,
				79A23C9028DA511500A1DA9E /* Frameworks */,
				79A23C9128DA511500A1DA9E /* Resources */,
			);
			buildRules = (
			);
			dependencies = (
			);
			name = blitz;
			productName = beta_macOS;
			productReference = 79A23C9328DA511500A1DA9E /* blitz.app */;
			productType = "com.apple.product-type.application";
		};
		79A23CA328DA511500A1DA9E /* blitzTests */ = {
			isa = PBXNativeTarget;
			buildConfigurationList = 79A23CBB28DA511500A1DA9E /* Build configuration list for PBXNativeTarget "blitzTests" */;
			buildPhases = (
				79A23CA028DA511500A1DA9E /* Sources */,
				79A23CA128DA511500A1DA9E /* Frameworks */,
				79A23CA228DA511500A1DA9E /* Resources */,
			);
			buildRules = (
			);
			dependencies = (
				79A23CA628DA511500A1DA9E /* PBXTargetDependency */,
			);
			name = blitzTests;
			productName = beta_macOSTests;
			productReference = 79A23CA428DA511500A1DA9E /* blitzTests.xctest */;
			productType = "com.apple.product-type.bundle.unit-test";
		};
		79A23CAD28DA511500A1DA9E /* blitzUITests */ = {
			isa = PBXNativeTarget;
			buildConfigurationList = 79A23CBE28DA511500A1DA9E /* Build configuration list for PBXNativeTarget "blitzUITests" */;
			buildPhases = (
				79A23CAA28DA511500A1DA9E /* Sources */,
				79A23CAB28DA511500A1DA9E /* Frameworks */,
				79A23CAC28DA511500A1DA9E /* Resources */,
			);
			buildRules = (
			);
			dependencies = (
				79A23CB028DA511500A1DA9E /* PBXTargetDependency */,
			);
			name = blitzUITests;
			productName = beta_macOSUITests;
			productReference = 79A23CAE28DA511500A1DA9E /* blitzUITests.xctest */;
			productType = "com.apple.product-type.bundle.ui-testing";
		};
/* End PBXNativeTarget section */

/* Begin PBXProject section */
		79A23C8B28DA511500A1DA9E /* Project object */ = {
			isa = PBXProject;
			attributes = {
				BuildIndependentTargetsInParallel = 1;
				LastSwiftUpdateCheck = 1300;
				LastUpgradeCheck = 1300;
				TargetAttributes = {
					79A23C9228DA511500A1DA9E = {
						CreatedOnToolsVersion = 13.0;
					};
					79A23CA328DA511500A1DA9E = {
						CreatedOnToolsVersion = 13.0;
						TestTargetID = 79A23C9228DA511500A1DA9E;
					};
					79A23CAD28DA511500A1DA9E = {
						CreatedOnToolsVersion = 13.0;
						TestTargetID = 79A23C9228DA511500A1DA9E;
					};
				};
			};
			buildConfigurationList = 79A23C8E28DA511500A1DA9E /* Build configuration list for PBXProject "blitz" */;
			compatibilityVersion = "Xcode 13.0";
			developmentRegion = en;
			hasScannedForEncodings = 0;
			knownRegions = (
				en,
				Base,
			);
			mainGroup = 79A23C8A28DA511500A1DA9E;
			productRefGroup = 79A23C9428DA511500A1DA9E /* Products */;
			projectDirPath = "";
			projectRoot = "";
			targets = (
				79A23C9228DA511500A1DA9E /* blitz */,
				79A23CA328DA511500A1DA9E /* blitzTests */,
				79A23CAD28DA511500A1DA9E /* blitzUITests */,
			);
		};
/* End PBXProject section */

/* Begin PBXResourcesBuildPhase section */
		79A23C9128DA511500A1DA9E /* Resources */ = {
			isa = PBXResourcesBuildPhase;
			buildActionMask = 2147483647;
			files = (
				79A23C9E28DA511500A1DA9E /* Preview Assets.xcassets in Resources */,
				79A23C9B28DA511500A1DA9E /* Assets.xcassets in Resources */,
			);
			runOnlyForDeploymentPostprocessing = 0;
		};
		79A23CA228DA511500A1DA9E /* Resources */ = {
			isa = PBXResourcesBuildPhase;
			buildActionMask = 2147483647;
			files = (
			);
			runOnlyForDeploymentPostprocessing = 0;
		};
		79A23CAC28DA511500A1DA9E /* Resources */ = {
			isa = PBXResourcesBuildPhase;
			buildActionMask = 2147483647;
			files = (
			);
			runOnlyForDeploymentPostprocessing = 0;
		};
/* End PBXResourcesBuildPhase section */

/* Begin PBXSourcesBuildPhase section */
		79A23C8F28DA511500A1DA9E /* Sources */ = {
			isa = PBXSourcesBuildPhase;
			buildActionMask = 2147483647;
			files = (
				79B6653328DA77EB00DFF00F /* card.swift in Sources */,
				79B6653128DA776D00DFF00F /* deck.swift in Sources */,
				792CA0EC28F8A42F00F3FD75 /* deckFullView.swift in Sources */,
				79B6653628DA793A00DFF00F /* cardView.swift in Sources */,
				79B6653828DA794400DFF00F /* deckTestView.swift in Sources */,
				791C3B9028E0E84700A7E6CE /* deckCreationView.swift in Sources */,
				791C3B9228E0F0BF00A7E6CE /* blitzHomeView.swift in Sources */,
				79582FA828ECC56300CF974E /* user.swift in Sources */,
				79A23C9728DA511500A1DA9E /* blitzApp.swift in Sources */,
				79B6654128DA923400DFF00F /* _webView.swift in Sources */,
			);
			runOnlyForDeploymentPostprocessing = 0;
		};
		79A23CA028DA511500A1DA9E /* Sources */ = {
			isa = PBXSourcesBuildPhase;
			buildActionMask = 2147483647;
			files = (
				79A23CA928DA511500A1DA9E /* blitzTests.swift in Sources */,
			);
			runOnlyForDeploymentPostprocessing = 0;
		};
		79A23CAA28DA511500A1DA9E /* Sources */ = {
			isa = PBXSourcesBuildPhase;
			buildActionMask = 2147483647;
			files = (
				79A23CB528DA511500A1DA9E /* blitzUITestsLaunchTests.swift in Sources */,
				79A23CB328DA511500A1DA9E /* blitzUITests.swift in Sources */,
			);
			runOnlyForDeploymentPostprocessing = 0;
		};
/* End PBXSourcesBuildPhase section */

/* Begin PBXTargetDependency section */
		79A23CA628DA511500A1DA9E /* PBXTargetDependency */ = {
			isa = PBXTargetDependency;
			target = 79A23C9228DA511500A1DA9E /* blitz */;
			targetProxy = 79A23CA528DA511500A1DA9E /* PBXContainerItemProxy */;
		};
		79A23CB028DA511500A1DA9E /* PBXTargetDependency */ = {
			isa = PBXTargetDependency;
			target = 79A23C9228DA511500A1DA9E /* blitz */;
			targetProxy = 79A23CAF28DA511500A1DA9E /* PBXContainerItemProxy */;
		};
/* End PBXTargetDependency section */

/* Begin XCBuildConfiguration section */
		79A23CB628DA511500A1DA9E /* Debug */ = {
			isa = XCBuildConfiguration;
			buildSettings = {
				ALWAYS_SEARCH_USER_PATHS = NO;
				CLANG_ANALYZER_NONNULL = YES;
				CLANG_ANALYZER_NUMBER_OBJECT_CONVERSION = YES_AGGRESSIVE;
				CLANG_CXX_LANGUAGE_STANDARD = "gnu++17";
				CLANG_CXX_LIBRARY = "libc++";
				CLANG_ENABLE_MODULES = YES;
				CLANG_ENABLE_OBJC_ARC = YES;
				CLANG_ENABLE_OBJC_WEAK = YES;
				CLANG_WARN_BLOCK_CAPTURE_AUTORELEASING = YES;
				CLANG_WARN_BOOL_CONVERSION = YES;
				CLANG_WARN_COMMA = YES;
				CLANG_WARN_CONSTANT_CONVERSION = YES;
				CLANG_WARN_DEPRECATED_OBJC_IMPLEMENTATIONS = YES;
				CLANG_WARN_DIRECT_OBJC_ISA_USAGE = YES_ERROR;
				CLANG_WARN_DOCUMENTATION_COMMENTS = YES;
				CLANG_WARN_EMPTY_BODY = YES;
				CLANG_WARN_ENUM_CONVERSION = YES;
				CLANG_WARN_INFINITE_RECURSION = YES;
				CLANG_WARN_INT_CONVERSION = YES;
				CLANG_WARN_NON_LITERAL_NULL_CONVERSION = YES;
				CLANG_WARN_OBJC_IMPLICIT_RETAIN_SELF = YES;
				CLANG_WARN_OBJC_LITERAL_CONVERSION = YES;
				CLANG_WARN_OBJC_ROOT_CLASS = YES_ERROR;
				CLANG_WARN_QUOTED_INCLUDE_IN_FRAMEWORK_HEADER = YES;
				CLANG_WARN_RANGE_LOOP_ANALYSIS = YES;
				CLANG_WARN_STRICT_PROTOTYPES = YES;
				CLANG_WARN_SUSPICIOUS_MOVE = YES;
				CLANG_WARN_UNGUARDED_AVAILABILITY = YES_AGGRESSIVE;
				CLANG_WARN_UNREACHABLE_CODE = YES;
				CLANG_WARN__DUPLICATE_METHOD_MATCH = YES;
				COPY_PHASE_STRIP = NO;
				DEBUG_INFORMATION_FORMAT = dwarf;
				ENABLE_STRICT_OBJC_MSGSEND = YES;
				ENABLE_TESTABILITY = YES;
				GCC_C_LANGUAGE_STANDARD = gnu11;
				GCC_DYNAMIC_NO_PIC = NO;
				GCC_NO_COMMON_BLOCKS = YES;
				GCC_OPTIMIZATION_LEVEL = 0;
				GCC_PREPROCESSOR_DEFINITIONS = (
					"DEBUG=1",
					"$(inherited)",
				);
				GCC_WARN_64_TO_32_BIT_CONVERSION = YES;
				GCC_WARN_ABOUT_RETURN_TYPE = YES_ERROR;
				GCC_WARN_UNDECLARED_SELECTOR = YES;
				GCC_WARN_UNINITIALIZED_AUTOS = YES_AGGRESSIVE;
				GCC_WARN_UNUSED_FUNCTION = YES;
				GCC_WARN_UNUSED_VARIABLE = YES;
				MACOSX_DEPLOYMENT_TARGET = 11.0;
				MTL_ENABLE_DEBUG_INFO = INCLUDE_SOURCE;
				MTL_FAST_MATH = YES;
				ONLY_ACTIVE_ARCH = YES;
				SDKROOT = macosx;
				SWIFT_ACTIVE_COMPILATION_CONDITIONS = DEBUG;
				SWIFT_OPTIMIZATION_LEVEL = "-Onone";
			};
			name = Debug;
		};
		79A23CB728DA511500A1DA9E /* Release */ = {
			isa = XCBuildConfiguration;
			buildSettings = {
				ALWAYS_SEARCH_USER_PATHS = NO;
				CLANG_ANALYZER_NONNULL = YES;
				CLANG_ANALYZER_NUMBER_OBJECT_CONVERSION = YES_AGGRESSIVE;
				CLANG_CXX_LANGUAGE_STANDARD = "gnu++17";
				CLANG_CXX_LIBRARY = "libc++";
				CLANG_ENABLE_MODULES = YES;
				CLANG_ENABLE_OBJC_ARC = YES;
				CLANG_ENABLE_OBJC_WEAK = YES;
				CLANG_WARN_BLOCK_CAPTURE_AUTORELEASING = YES;
				CLANG_WARN_BOOL_CONVERSION = YES;
				CLANG_WARN_COMMA = YES;
				CLANG_WARN_CONSTANT_CONVERSION = YES;
				CLANG_WARN_DEPRECATED_OBJC_IMPLEMENTATIONS = YES;
				CLANG_WARN_DIRECT_OBJC_ISA_USAGE = YES_ERROR;
				CLANG_WARN_DOCUMENTATION_COMMENTS = YES;
				CLANG_WARN_EMPTY_BODY = YES;
				CLANG_WARN_ENUM_CONVERSION = YES;
				CLANG_WARN_INFINITE_RECURSION = YES;
				CLANG_WARN_INT_CONVERSION = YES;
				CLANG_WARN_NON_LITERAL_NULL_CONVERSION = YES;
				CLANG_WARN_OBJC_IMPLICIT_RETAIN_SELF = YES;
				CLANG_WARN_OBJC_LITERAL_CONVERSION = YES;
				CLANG_WARN_OBJC_ROOT_CLASS = YES_ERROR;
				CLANG_WARN_QUOTED_INCLUDE_IN_FRAMEWORK_HEADER = YES;
				CLANG_WARN_RANGE_LOOP_ANALYSIS = YES;
				CLANG_WARN_STRICT_PROTOTYPES = YES;
				CLANG_WARN_SUSPICIOUS_MOVE = YES;
				CLANG_WARN_UNGUARDED_AVAILABILITY = YES_AGGRESSIVE;
				CLANG_WARN_UNREACHABLE_CODE = YES;
				CLANG_WARN__DUPLICATE_METHOD_MATCH = YES;
				COPY_PHASE_STRIP = NO;
				DEBUG_INFORMATION_FORMAT = "dwarf-with-dsym";
				ENABLE_NS_ASSERTIONS = NO;
				ENABLE_STRICT_OBJC_MSGSEND = YES;
				GCC_C_LANGUAGE_STANDARD = gnu11;
				GCC_NO_COMMON_BLOCKS = YES;
				GCC_WARN_64_TO_32_BIT_CONVERSION = YES;
				GCC_WARN_ABOUT_RETURN_TYPE = YES_ERROR;
				GCC_WARN_UNDECLARED_SELECTOR = YES;
				GCC_WARN_UNINITIALIZED_AUTOS = YES_AGGRESSIVE;
				GCC_WARN_UNUSED_FUNCTION = YES;
				GCC_WARN_UNUSED_VARIABLE = YES;
				MACOSX_DEPLOYMENT_TARGET = 11.0;
				MTL_ENABLE_DEBUG_INFO = NO;
				MTL_FAST_MATH = YES;
				SDKROOT = macosx;
				SWIFT_COMPILATION_MODE = wholemodule;
				SWIFT_OPTIMIZATION_LEVEL = "-O";
			};
			name = Release;
		};
		79A23CB928DA511500A1DA9E /* Debug */ = {
			isa = XCBuildConfiguration;
			buildSettings = {
				ASSETCATALOG_COMPILER_APPICON_NAME = AppIcon;
				ASSETCATALOG_COMPILER_GLOBAL_ACCENT_COLOR_NAME = AccentColor;
				CODE_SIGN_ENTITLEMENTS = blitz/blitz.entitlements;
				CODE_SIGN_IDENTITY = "Apple Development";
				CODE_SIGN_STYLE = Automatic;
				COMBINE_HIDPI_IMAGES = YES;
				CURRENT_PROJECT_VERSION = 1;
				DEVELOPMENT_ASSET_PATHS = "\"blitz/Preview Content\"";
				DEVELOPMENT_TEAM = 4L436LYPB7;
				ENABLE_HARDENED_RUNTIME = YES;
				ENABLE_PREVIEWS = YES;
				GENERATE_INFOPLIST_FILE = YES;
				INFOPLIST_KEY_NSHumanReadableCopyright = "";
				LD_RUNPATH_SEARCH_PATHS = (
					"$(inherited)",
					"@executable_path/../Frameworks",
				);
				MACOSX_DEPLOYMENT_TARGET = 11.0;
				MARKETING_VERSION = 1.0;
				PRODUCT_BUNDLE_IDENTIFIER = capstone.blitz;
				PRODUCT_NAME = "$(TARGET_NAME)";
				SWIFT_EMIT_LOC_STRINGS = YES;
				SWIFT_VERSION = 5.0;
			};
			name = Debug;
		};
		79A23CBA28DA511500A1DA9E /* Release */ = {
			isa = XCBuildConfiguration;
			buildSettings = {
				ASSETCATALOG_COMPILER_APPICON_NAME = AppIcon;
				ASSETCATALOG_COMPILER_GLOBAL_ACCENT_COLOR_NAME = AccentColor;
				CODE_SIGN_ENTITLEMENTS = blitz/blitz.entitlements;
				CODE_SIGN_IDENTITY = "Apple Development";
				CODE_SIGN_STYLE = Automatic;
				COMBINE_HIDPI_IMAGES = YES;
				CURRENT_PROJECT_VERSION = 1;
				DEVELOPMENT_ASSET_PATHS = "\"blitz/Preview Content\"";
				DEVELOPMENT_TEAM = 4L436LYPB7;
				ENABLE_HARDENED_RUNTIME = YES;
				ENABLE_PREVIEWS = YES;
				GENERATE_INFOPLIST_FILE = YES;
				INFOPLIST_KEY_NSHumanReadableCopyright = "";
				LD_RUNPATH_SEARCH_PATHS = (
					"$(inherited)",
					"@executable_path/../Frameworks",
				);
				MACOSX_DEPLOYMENT_TARGET = 11.0;
				MARKETING_VERSION = 1.0;
				PRODUCT_BUNDLE_IDENTIFIER = capstone.blitz;
				PRODUCT_NAME = "$(TARGET_NAME)";
				SWIFT_EMIT_LOC_STRINGS = YES;
				SWIFT_VERSION = 5.0;
			};
			name = Release;
		};
		79A23CBC28DA511500A1DA9E /* Debug */ = {
			isa = XCBuildConfiguration;
			buildSettings = {
				ALWAYS_EMBED_SWIFT_STANDARD_LIBRARIES = YES;
				BUNDLE_LOADER = "$(TEST_HOST)";
				CODE_SIGN_STYLE = Automatic;
				COMBINE_HIDPI_IMAGES = YES;
				CURRENT_PROJECT_VERSION = 1;
				DEVELOPMENT_TEAM = 4L436LYPB7;
				GENERATE_INFOPLIST_FILE = YES;
				LD_RUNPATH_SEARCH_PATHS = (
					"$(inherited)",
					"@executable_path/../Frameworks",
					"@loader_path/../Frameworks",
				);
				MACOSX_DEPLOYMENT_TARGET = 11.0;
				MARKETING_VERSION = 1.0;
				PRODUCT_BUNDLE_IDENTIFIER = "capstone.beta-macOSTests";
				PRODUCT_NAME = "$(TARGET_NAME)";
				SWIFT_EMIT_LOC_STRINGS = NO;
				SWIFT_VERSION = 5.0;
				TEST_HOST = "$(BUILT_PRODUCTS_DIR)/blitz.app/Contents/MacOS/blitz";
			};
			name = Debug;
		};
		79A23CBD28DA511500A1DA9E /* Release */ = {
			isa = XCBuildConfiguration;
			buildSettings = {
				ALWAYS_EMBED_SWIFT_STANDARD_LIBRARIES = YES;
				BUNDLE_LOADER = "$(TEST_HOST)";
				CODE_SIGN_STYLE = Automatic;
				COMBINE_HIDPI_IMAGES = YES;
				CURRENT_PROJECT_VERSION = 1;
				DEVELOPMENT_TEAM = 4L436LYPB7;
				GENERATE_INFOPLIST_FILE = YES;
				LD_RUNPATH_SEARCH_PATHS = (
					"$(inherited)",
					"@executable_path/../Frameworks",
					"@loader_path/../Frameworks",
				);
				MACOSX_DEPLOYMENT_TARGET = 11.0;
				MARKETING_VERSION = 1.0;
				PRODUCT_BUNDLE_IDENTIFIER = "capstone.beta-macOSTests";
				PRODUCT_NAME = "$(TARGET_NAME)";
				SWIFT_EMIT_LOC_STRINGS = NO;
				SWIFT_VERSION = 5.0;
				TEST_HOST = "$(BUILT_PRODUCTS_DIR)/blitz.app/Contents/MacOS/blitz";
			};
			name = Release;
		};
		79A23CBF28DA511500A1DA9E /* Debug */ = {
			isa = XCBuildConfiguration;
			buildSettings = {
				ALWAYS_EMBED_SWIFT_STANDARD_LIBRARIES = YES;
				CODE_SIGN_STYLE = Automatic;
				COMBINE_HIDPI_IMAGES = YES;
				CURRENT_PROJECT_VERSION = 1;
				DEVELOPMENT_TEAM = 4L436LYPB7;
				GENERATE_INFOPLIST_FILE = YES;
				LD_RUNPATH_SEARCH_PATHS = (
					"$(inherited)",
					"@executable_path/../Frameworks",
					"@loader_path/../Frameworks",
				);
				MARKETING_VERSION = 1.0;
				PRODUCT_BUNDLE_IDENTIFIER = "capstone.beta-macOSUITests";
				PRODUCT_NAME = "$(TARGET_NAME)";
				SWIFT_EMIT_LOC_STRINGS = NO;
				SWIFT_VERSION = 5.0;
				TEST_TARGET_NAME = beta_macOS;
			};
			name = Debug;
		};
		79A23CC028DA511500A1DA9E /* Release */ = {
			isa = XCBuildConfiguration;
			buildSettings = {
				ALWAYS_EMBED_SWIFT_STANDARD_LIBRARIES = YES;
				CODE_SIGN_STYLE = Automatic;
				COMBINE_HIDPI_IMAGES = YES;
				CURRENT_PROJECT_VERSION = 1;
				DEVELOPMENT_TEAM = 4L436LYPB7;
				GENERATE_INFOPLIST_FILE = YES;
				LD_RUNPATH_SEARCH_PATHS = (
					"$(inherited)",
					"@executable_path/../Frameworks",
					"@loader_path/../Frameworks",
				);
				MARKETING_VERSION = 1.0;
				PRODUCT_BUNDLE_IDENTIFIER = "capstone.beta-macOSUITests";
				PRODUCT_NAME = "$(TARGET_NAME)";
				SWIFT_EMIT_LOC_STRINGS = NO;
				SWIFT_VERSION = 5.0;
				TEST_TARGET_NAME = beta_macOS;
			};
			name = Release;
		};
/* End XCBuildConfiguration section */

/* Begin XCConfigurationList section */
		79A23C8E28DA511500A1DA9E /* Build configuration list for PBXProject "blitz" */ = {
			isa = XCConfigurationList;
			buildConfigurations = (
				79A23CB628DA511500A1DA9E /* Debug */,
				79A23CB728DA511500A1DA9E /* Release */,
			);
			defaultConfigurationIsVisible = 0;
			defaultConfigurationName = Release;
		};
		79A23CB828DA511500A1DA9E /* Build configuration list for PBXNativeTarget "blitz" */ = {
			isa = XCConfigurationList;
			buildConfigurations = (
				79A23CB928DA511500A1DA9E /* Debug */,
				79A23CBA28DA511500A1DA9E /* Release */,
			);
			defaultConfigurationIsVisible = 0;
			defaultConfigurationName = Release;
		};
		79A23CBB28DA511500A1DA9E /* Build configuration list for PBXNativeTarget "blitzTests" */ = {
			isa = XCConfigurationList;
			buildConfigurations = (
				79A23CBC28DA511500A1DA9E /* Debug */,
				79A23CBD28DA511500A1DA9E /* Release */,
			);
			defaultConfigurationIsVisible = 0;
			defaultConfigurationName = Release;
		};
		79A23CBE28DA511500A1DA9E /* Build configuration list for PBXNativeTarget "blitzUITests" */ = {
			isa = XCConfigurationList;
			buildConfigurations = (
				79A23CBF28DA511500A1DA9E /* Debug */,
				79A23CC028DA511500A1DA9E /* Release */,
			);
			defaultConfigurationIsVisible = 0;
			defaultConfigurationName = Release;
		};
/* End XCConfigurationList section */
	};
	rootObject = 79A23C8B28DA511500A1DA9E /* Project object */;
}
